Microsoft Visual Studio Solution File, Format Version 12.00
# Visual Studio 14
VisualStudioVersion = 14.0.25420.1
MinimumVisualStudioVersion = 10.0.40219.1
Project("{FAE04EC0-301F-11D3-BF4B-00C04F79EFBC}") = "N4.Net.Generics.Test", "Generics\Test\N4.Net.Generics.Test.csproj", "{94D6963F-B898-4F86-800C-AB2A903B82A6}"
EndProject
Project("{FAE04EC0-301F-11D3-BF4B-00C04F79EFBC}") = "N4.Net.Generics", "Generics\N4.Net.Generics.csproj", "{688896FC-611C-456A-AB28-98E7760E1401}"
EndProject
Project("{2150E333-8FDC-42A3-9474-1A3956D46DE8}") = "Solution Items", "Solution Items", "{582BCE29-C916-4A4D-9349-5DDA8A663E55}"
	ProjectSection(SolutionItems) = preProject
		Nuget\N4.Net.Generics.nuspec = Nuget\N4.Net.Generics.nuspec
		README.md = README.md
	EndProjectSection
EndProject
Global
	GlobalSection(SolutionConfigurationPlatforms) = preSolution
		Debug|Any CPU = Debug|Any CPU
		Release|Any CPU = Release|Any CPU
	EndGlobalSection
	GlobalSection(ProjectConfigurationPlatforms) = postSolution
		{94D6963F-B898-4F86-800C-AB2A903B82A6}.Debug|Any CPU.ActiveCfg = Debug|Any CPU
		{94D6963F-B898-4F86-800C-AB2A903B82A6}.Debug|Any CPU.Build.0 = Debug|Any CPU
		{94D6963F-B898-4F86-800C-AB2A903B82A6}.Release|Any CPU.ActiveCfg = Release|Any CPU
		{94D6963F-B898-4F86-800C-AB2A903B82A6}.Release|Any CPU.Build.0 = Release|Any CPU
		{688896FC-611C-456A-AB28-98E7760E1401}.Debug|Any CPU.ActiveCfg = Debug|Any CPU
		{688896FC-611C-456A-AB28-98E7760E1401}.Debug|Any CPU.Build.0 = Debug|Any CPU
		{688896FC-611C-456A-AB28-98E7760E1401}.Release|Any CPU.ActiveCfg = Release|Any CPU
		{688896FC-611C-456A-AB28-98E7760E1401}.Release|Any CPU.Build.0 = Release|Any CPU
	EndGlobalSection
	GlobalSection(SolutionProperties) = preSolution
		HideSolutionNode = FALSE
	EndGlobalSection
EndGlobal
